
Microsoft Visual Studio Solution File, Format Version 12.00
# Visual Studio Version 17
VisualStudioVersion = 17.13.35931.197 d17.13
MinimumVisualStudioVersion = 10.0.40219.1
Project("{FAE04EC0-301F-11D3-BF4B-00C04F79EFBC}") = "unilab2025", "unilab2025\unilab2025.csproj", "{F240E7BC-3737-4806-9D47-28D5977B74BC}"
EndProject
Global
	GlobalSection(SolutionConfigurationPlatforms) = preSolution
		Debug|Any CPU = Debug|Any CPU
		Release|Any CPU = Release|Any CPU
	EndGlobalSection
	GlobalSection(ProjectConfigurationPlatforms) = postSolution
		{F240E7BC-3737-4806-9D47-28D5977B74BC}.Debug|Any CPU.ActiveCfg = Debug|Any CPU
		{F240E7BC-3737-4806-9D47-28D5977B74BC}.Debug|Any CPU.Build.0 = Debug|Any CPU
		{F240E7BC-3737-4806-9D47-28D5977B74BC}.Release|Any CPU.ActiveCfg = Release|Any CPU
		{F240E7BC-3737-4806-9D47-28D5977B74BC}.Release|Any CPU.Build.0 = Release|Any CPU
	EndGlobalSection
	GlobalSection(SolutionProperties) = preSolution
		HideSolutionNode = FALSE
	EndGlobalSection
	GlobalSection(ExtensibilityGlobals) = postSolution
		SolutionGuid = {336AF811-E289-456B-B51B-D8B8961DCB2C}
	EndGlobalSection
EndGlobal
